
Microsoft Visual Studio Solution File, Format Version 11.00
# Visual Studio 2010
Project("{FAE04EC0-301F-11D3-BF4B-00C04F79EFBC}") = "UnityEngine.TestRunner", "UnityEngine.TestRunner.csproj", "{23cc5710-21bc-cbb4-f1cd-f8b769ecebaf}"
EndProject
Project("{FAE04EC0-301F-11D3-BF4B-00C04F79EFBC}") = "Unity.VisualScripting.Flow", "Unity.VisualScripting.Flow.csproj", "{ae5f65ab-ca2c-f501-ba90-8da562d796cb}"
EndProject
Project("{FAE04EC0-301F-11D3-BF4B-00C04F79EFBC}") = "Unity.Services.Core.Telemetry", "Unity.Services.Core.Telemetry.csproj", "{5933f7c9-50dd-4f86-d8e5-d9c483011f34}"
EndProject
Project("{FAE04EC0-301F-11D3-BF4B-00C04F79EFBC}") = "Unity.VisualScripting.State", "Unity.VisualScripting.State.csproj", "{2fb58b03-2fbe-a50f-2983-3bffef9147ee}"
EndProject
Project("{FAE04EC0-301F-11D3-BF4B-00C04F79EFBC}") = "Unity.VisualScripting.Core", "Unity.VisualScripting.Core.csproj", "{51373c23-3bb3-55f6-2e46-03a79c055f51}"
EndProject
Project("{FAE04EC0-301F-11D3-BF4B-00C04F79EFBC}") = "Assembly-CSharp", "Assembly-CSharp.csproj", "{4633bcd7-244f-a4df-2c56-e8432f0c7bfb}"
EndProject
Project("{FAE04EC0-301F-11D3-BF4B-00C04F79EFBC}") = "Unity.Services.Core.Environments.Internal", "Unity.Services.Core.Environments.Internal.csproj", "{43215a7f-01cf-0c56-7f7d-14d635bbf28e}"
EndProject
Project("{FAE04EC0-301F-11D3-BF4B-00C04F79EFBC}") = "Unity.TextMeshPro", "Unity.TextMeshPro.csproj", "{aef23bd4-47df-43c1-b489-1f8828741ce8}"
EndProject
Project("{FAE04EC0-301F-11D3-BF4B-00C04F79EFBC}") = "Unity.Timeline", "Unity.Timeline.csproj", "{61d8568c-4904-e49c-8ba0-3619d0dcb337}"
EndProject
Project("{FAE04EC0-301F-11D3-BF4B-00C04F79EFBC}") = "Unity.Services.Core", "Unity.Services.Core.csproj", "{1bb5fca1-3cca-7c5f-00ca-ba70f0554a7a}"
EndProject
Project("{FAE04EC0-301F-11D3-BF4B-00C04F79EFBC}") = "Unity.Services.Core.Environments", "Unity.Services.Core.Environments.csproj", "{527d6939-a076-e97b-4dae-86e41f9cbb93}"
EndProject
Project("{FAE04EC0-301F-11D3-BF4B-00C04F79EFBC}") = "Unity.Services.Core.Internal", "Unity.Services.Core.Internal.csproj", "{e699bb66-6ca8-4191-d779-44dcc6961dd0}"
EndProject
Project("{FAE04EC0-301F-11D3-BF4B-00C04F79EFBC}") = "Unity.Services.Core.Analytics", "Unity.Services.Core.Analytics.csproj", "{6678ea22-fe4a-ed4d-9a17-f43b53935491}"
EndProject
Project("{FAE04EC0-301F-11D3-BF4B-00C04F79EFBC}") = "Unity.Services.Core.Scheduler", "Unity.Services.Core.Scheduler.csproj", "{12325e46-6245-fc55-88be-219c872d35a9}"
EndProject
Project("{FAE04EC0-301F-11D3-BF4B-00C04F79EFBC}") = "Unity.Services.Core.Registration", "Unity.Services.Core.Registration.csproj", "{95c27af9-dea4-d0cf-e529-f1fee16b33f0}"
EndProject
Project("{FAE04EC0-301F-11D3-BF4B-00C04F79EFBC}") = "Unity.Services.Core.Device", "Unity.Services.Core.Device.csproj", "{cc02fb93-d275-fe78-b4e5-276df23d3f5f}"
EndProject
Project("{FAE04EC0-301F-11D3-BF4B-00C04F79EFBC}") = "Unity.Services.Core.Threading", "Unity.Services.Core.Threading.csproj", "{2037a616-a9c7-8a24-8cfa-e34f30b26cdd}"
EndProject
Project("{FAE04EC0-301F-11D3-BF4B-00C04F79EFBC}") = "Unity.Services.Core.Networking", "Unity.Services.Core.Networking.csproj", "{a8d87e69-66c9-ce13-2097-74c57777f450}"
EndProject
Project("{FAE04EC0-301F-11D3-BF4B-00C04F79EFBC}") = "Unity.Services.Core.Configuration", "Unity.Services.Core.Configuration.csproj", "{085d8279-3da2-8065-4e58-a43a89d8eb15}"
EndProject
Project("{FAE04EC0-301F-11D3-BF4B-00C04F79EFBC}") = "Unity.PlasticSCM.Editor", "Unity.PlasticSCM.Editor.csproj", "{00bde079-68d3-041b-198e-4729ed2135fe}"
EndProject
Project("{FAE04EC0-301F-11D3-BF4B-00C04F79EFBC}") = "Unity.VisualScripting.Core.Editor", "Unity.VisualScripting.Core.Editor.csproj", "{0fdf934f-0af6-868d-e808-d78398add2dd}"
EndProject
Project("{FAE04EC0-301F-11D3-BF4B-00C04F79EFBC}") = "Unity.VisualScripting.Flow.Editor", "Unity.VisualScripting.Flow.Editor.csproj", "{58ecf802-e025-09f6-3f62-bf899b3e28d6}"
EndProject
Project("{FAE04EC0-301F-11D3-BF4B-00C04F79EFBC}") = "Unity.VisualStudio.Editor", "Unity.VisualStudio.Editor.csproj", "{b9bb7d87-4dc3-9b4a-f1d6-55994dc36023}"
EndProject
Project("{FAE04EC0-301F-11D3-BF4B-00C04F79EFBC}") = "Unity.Timeline.Editor", "Unity.Timeline.Editor.csproj", "{a0240b73-35b8-71c5-1ca6-a7b2c521a1fd}"
EndProject
Project("{FAE04EC0-301F-11D3-BF4B-00C04F79EFBC}") = "Unity.VisualScripting.State.Editor", "Unity.VisualScripting.State.Editor.csproj", "{b7458db9-32f2-5f1b-0db2-5819adff816d}"
EndProject
Project("{FAE04EC0-301F-11D3-BF4B-00C04F79EFBC}") = "Unity.TextMeshPro.Editor", "Unity.TextMeshPro.Editor.csproj", "{107c6f7a-1bf6-a289-ead9-904369dbea43}"
EndProject
Project("{FAE04EC0-301F-11D3-BF4B-00C04F79EFBC}") = "Unity.VisualScripting.SettingsProvider.Editor", "Unity.VisualScripting.SettingsProvider.Editor.csproj", "{a2989275-f525-10f5-65e5-0a3972ec285e}"
EndProject
Project("{FAE04EC0-301F-11D3-BF4B-00C04F79EFBC}") = "Unity.CollabProxy.Editor", "Unity.CollabProxy.Editor.csproj", "{9e4ed2df-a463-4fb6-b6da-f51c7c8c6073}"
EndProject
Project("{FAE04EC0-301F-11D3-BF4B-00C04F79EFBC}") = "UnityEditor.TestRunner", "UnityEditor.TestRunner.csproj", "{545cea8a-ac92-8bbc-240e-71b6b568e106}"
EndProject
Project("{FAE04EC0-301F-11D3-BF4B-00C04F79EFBC}") = "Unity.Services.Core.Editor", "Unity.Services.Core.Editor.csproj", "{495e7c6a-7498-4e72-4e4d-ef64041a79a5}"
EndProject
Project("{FAE04EC0-301F-11D3-BF4B-00C04F79EFBC}") = "Unity.TestTools.CodeCoverage.Editor", "Unity.TestTools.CodeCoverage.Editor.csproj", "{f0497d15-e312-368f-cb1f-1adbf437f4d1}"
EndProject
Project("{FAE04EC0-301F-11D3-BF4B-00C04F79EFBC}") = "Unity.Rider.Editor", "Unity.Rider.Editor.csproj", "{d710194a-de3d-5020-d332-2760909f6682}"
EndProject
Project("{FAE04EC0-301F-11D3-BF4B-00C04F79EFBC}") = "Unity.Performance.Profile-Analyzer.Editor", "Unity.Performance.Profile-Analyzer.Editor.csproj", "{97d998ef-30ce-364f-0b85-1c8d74073d96}"
EndProject
Project("{FAE04EC0-301F-11D3-BF4B-00C04F79EFBC}") = "Unity.VSCode.Editor", "Unity.VSCode.Editor.csproj", "{0df483b6-b4f1-c1be-cfa0-712e348ea7ce}"
EndProject
Project("{FAE04EC0-301F-11D3-BF4B-00C04F79EFBC}") = "Unity.TestTools.CodeCoverage.Editor.OpenCover.Model", "Unity.TestTools.CodeCoverage.Editor.OpenCover.Model.csproj", "{7e90d904-6dd8-cf53-3c4f-c098f854c601}"
EndProject
Project("{FAE04EC0-301F-11D3-BF4B-00C04F79EFBC}") = "Unity.EditorCoroutines.Editor", "Unity.EditorCoroutines.Editor.csproj", "{799764b9-efb3-dadd-4206-35cc3d715922}"
EndProject
Project("{FAE04EC0-301F-11D3-BF4B-00C04F79EFBC}") = "Unity.Settings.Editor", "Unity.Settings.Editor.csproj", "{8f7d7d79-5f6f-6d30-ec7a-b7262946ac15}"
EndProject
Project("{FAE04EC0-301F-11D3-BF4B-00C04F79EFBC}") = "Unity.Services.Core.Configuration.Editor", "Unity.Services.Core.Configuration.Editor.csproj", "{9e1cfba2-f089-c9cb-7a9a-da9d1a72ebef}"
EndProject
Project("{FAE04EC0-301F-11D3-BF4B-00C04F79EFBC}") = "Unity.TestTools.CodeCoverage.Editor.OpenCover.Mono.Reflection", "Unity.TestTools.CodeCoverage.Editor.OpenCover.Mono.Reflection.csproj", "{a48477ed-58b4-7778-d328-4475bcaa66e2}"
EndProject
Project("{FAE04EC0-301F-11D3-BF4B-00C04F79EFBC}") = "Unity.VisualScripting.Shared.Editor", "Unity.VisualScripting.Shared.Editor.csproj", "{55322515-157e-18a6-22cf-9742e3188921}"
EndProject
Project("{FAE04EC0-301F-11D3-BF4B-00C04F79EFBC}") = "Unity.TextMeshPro.Tests", "Unity.TextMeshPro.Tests.csproj", "{6cdadf71-e894-6152-29ea-65d549e766a2}"
EndProject
Project("{FAE04EC0-301F-11D3-BF4B-00C04F79EFBC}") = "DocCodeExamples", "DocCodeExamples.csproj", "{1a099562-e6ee-d91c-4934-8aa707905b00}"
EndProject
Project("{FAE04EC0-301F-11D3-BF4B-00C04F79EFBC}") = "Unity.TestTools.CodeCoverage.Editor.Compatibility", "Unity.TestTools.CodeCoverage.Editor.Compatibility.csproj", "{7b733e76-9f86-0200-4d05-100938ba1eac}"
EndProject
Project("{FAE04EC0-301F-11D3-BF4B-00C04F79EFBC}") = "Unity.TextMeshPro.Editor.Tests", "Unity.TextMeshPro.Editor.Tests.csproj", "{169de3a0-a462-61d4-282a-393f6130d028}"
EndProject
Project("{FAE04EC0-301F-11D3-BF4B-00C04F79EFBC}") = "Unity.Settings.Tests", "Unity.Settings.Tests.csproj", "{a58486f0-e32d-da7b-757a-aa9b099b548b}"
EndProject
Project("{FAE04EC0-301F-11D3-BF4B-00C04F79EFBC}") = "Unity.Performance.Profile-Analyzer.EditorTests", "Unity.Performance.Profile-Analyzer.EditorTests.csproj", "{1dcf2b1e-ddce-fdb7-a3af-bb84ee90c98e}"
EndProject
Global
	GlobalSection(SolutionConfigurationPlatforms) = preSolution
		Debug|Any CPU = Debug|Any CPU
	EndGlobalSection
	GlobalSection(ProjectConfigurationPlatforms) = postSolution
		{23cc5710-21bc-cbb4-f1cd-f8b769ecebaf}.Debug|Any CPU.ActiveCfg = Debug|Any CPU
		{23cc5710-21bc-cbb4-f1cd-f8b769ecebaf}.Debug|Any CPU.Build.0 = Debug|Any CPU
		{ae5f65ab-ca2c-f501-ba90-8da562d796cb}.Debug|Any CPU.ActiveCfg = Debug|Any CPU
		{ae5f65ab-ca2c-f501-ba90-8da562d796cb}.Debug|Any CPU.Build.0 = Debug|Any CPU
		{5933f7c9-50dd-4f86-d8e5-d9c483011f34}.Debug|Any CPU.ActiveCfg = Debug|Any CPU
		{5933f7c9-50dd-4f86-d8e5-d9c483011f34}.Debug|Any CPU.Build.0 = Debug|Any CPU
		{2fb58b03-2fbe-a50f-2983-3bffef9147ee}.Debug|Any CPU.ActiveCfg = Debug|Any CPU
		{2fb58b03-2fbe-a50f-2983-3bffef9147ee}.Debug|Any CPU.Build.0 = Debug|Any CPU
		{51373c23-3bb3-55f6-2e46-03a79c055f51}.Debug|Any CPU.ActiveCfg = Debug|Any CPU
		{51373c23-3bb3-55f6-2e46-03a79c055f51}.Debug|Any CPU.Build.0 = Debug|Any CPU
		{4633bcd7-244f-a4df-2c56-e8432f0c7bfb}.Debug|Any CPU.ActiveCfg = Debug|Any CPU
		{4633bcd7-244f-a4df-2c56-e8432f0c7bfb}.Debug|Any CPU.Build.0 = Debug|Any CPU
		{43215a7f-01cf-0c56-7f7d-14d635bbf28e}.Debug|Any CPU.ActiveCfg = Debug|Any CPU
		{43215a7f-01cf-0c56-7f7d-14d635bbf28e}.Debug|Any CPU.Build.0 = Debug|Any CPU
		{aef23bd4-47df-43c1-b489-1f8828741ce8}.Debug|Any CPU.ActiveCfg = Debug|Any CPU
		{aef23bd4-47df-43c1-b489-1f8828741ce8}.Debug|Any CPU.Build.0 = Debug|Any CPU
		{61d8568c-4904-e49c-8ba0-3619d0dcb337}.Debug|Any CPU.ActiveCfg = Debug|Any CPU
		{61d8568c-4904-e49c-8ba0-3619d0dcb337}.Debug|Any CPU.Build.0 = Debug|Any CPU
		{1bb5fca1-3cca-7c5f-00ca-ba70f0554a7a}.Debug|Any CPU.ActiveCfg = Debug|Any CPU
		{1bb5fca1-3cca-7c5f-00ca-ba70f0554a7a}.Debug|Any CPU.Build.0 = Debug|Any CPU
		{527d6939-a076-e97b-4dae-86e41f9cbb93}.Debug|Any CPU.ActiveCfg = Debug|Any CPU
		{527d6939-a076-e97b-4dae-86e41f9cbb93}.Debug|Any CPU.Build.0 = Debug|Any CPU
		{e699bb66-6ca8-4191-d779-44dcc6961dd0}.Debug|Any CPU.ActiveCfg = Debug|Any CPU
		{e699bb66-6ca8-4191-d779-44dcc6961dd0}.Debug|Any CPU.Build.0 = Debug|Any CPU
		{6678ea22-fe4a-ed4d-9a17-f43b53935491}.Debug|Any CPU.ActiveCfg = Debug|Any CPU
		{6678ea22-fe4a-ed4d-9a17-f43b53935491}.Debug|Any CPU.Build.0 = Debug|Any CPU
		{12325e46-6245-fc55-88be-219c872d35a9}.Debug|Any CPU.ActiveCfg = Debug|Any CPU
		{12325e46-6245-fc55-88be-219c872d35a9}.Debug|Any CPU.Build.0 = Debug|Any CPU
		{95c27af9-dea4-d0cf-e529-f1fee16b33f0}.Debug|Any CPU.ActiveCfg = Debug|Any CPU
		{95c27af9-dea4-d0cf-e529-f1fee16b33f0}.Debug|Any CPU.Build.0 = Debug|Any CPU
		{cc02fb93-d275-fe78-b4e5-276df23d3f5f}.Debug|Any CPU.ActiveCfg = Debug|Any CPU
		{cc02fb93-d275-fe78-b4e5-276df23d3f5f}.Debug|Any CPU.Build.0 = Debug|Any CPU
		{2037a616-a9c7-8a24-8cfa-e34f30b26cdd}.Debug|Any CPU.ActiveCfg = Debug|Any CPU
		{2037a616-a9c7-8a24-8cfa-e34f30b26cdd}.Debug|Any CPU.Build.0 = Debug|Any CPU
		{a8d87e69-66c9-ce13-2097-74c57777f450}.Debug|Any CPU.ActiveCfg = Debug|Any CPU
		{a8d87e69-66c9-ce13-2097-74c57777f450}.Debug|Any CPU.Build.0 = Debug|Any CPU
		{085d8279-3da2-8065-4e58-a43a89d8eb15}.Debug|Any CPU.ActiveCfg = Debug|Any CPU
		{085d8279-3da2-8065-4e58-a43a89d8eb15}.Debug|Any CPU.Build.0 = Debug|Any CPU
		{00bde079-68d3-041b-198e-4729ed2135fe}.Debug|Any CPU.ActiveCfg = Debug|Any CPU
		{00bde079-68d3-041b-198e-4729ed2135fe}.Debug|Any CPU.Build.0 = Debug|Any CPU
		{0fdf934f-0af6-868d-e808-d78398add2dd}.Debug|Any CPU.ActiveCfg = Debug|Any CPU
		{0fdf934f-0af6-868d-e808-d78398add2dd}.Debug|Any CPU.Build.0 = Debug|Any CPU
		{58ecf802-e025-09f6-3f62-bf899b3e28d6}.Debug|Any CPU.ActiveCfg = Debug|Any CPU
		{58ecf802-e025-09f6-3f62-bf899b3e28d6}.Debug|Any CPU.Build.0 = Debug|Any CPU
		{b9bb7d87-4dc3-9b4a-f1d6-55994dc36023}.Debug|Any CPU.ActiveCfg = Debug|Any CPU
		{b9bb7d87-4dc3-9b4a-f1d6-55994dc36023}.Debug|Any CPU.Build.0 = Debug|Any CPU
		{a0240b73-35b8-71c5-1ca6-a7b2c521a1fd}.Debug|Any CPU.ActiveCfg = Debug|Any CPU
		{a0240b73-35b8-71c5-1ca6-a7b2c521a1fd}.Debug|Any CPU.Build.0 = Debug|Any CPU
		{b7458db9-32f2-5f1b-0db2-5819adff816d}.Debug|Any CPU.ActiveCfg = Debug|Any CPU
		{b7458db9-32f2-5f1b-0db2-5819adff816d}.Debug|Any CPU.Build.0 = Debug|Any CPU
		{107c6f7a-1bf6-a289-ead9-904369dbea43}.Debug|Any CPU.ActiveCfg = Debug|Any CPU
		{107c6f7a-1bf6-a289-ead9-904369dbea43}.Debug|Any CPU.Build.0 = Debug|Any CPU
		{a2989275-f525-10f5-65e5-0a3972ec285e}.Debug|Any CPU.ActiveCfg = Debug|Any CPU
		{a2989275-f525-10f5-65e5-0a3972ec285e}.Debug|Any CPU.Build.0 = Debug|Any CPU
		{9e4ed2df-a463-4fb6-b6da-f51c7c8c6073}.Debug|Any CPU.ActiveCfg = Debug|Any CPU
		{9e4ed2df-a463-4fb6-b6da-f51c7c8c6073}.Debug|Any CPU.Build.0 = Debug|Any CPU
		{545cea8a-ac92-8bbc-240e-71b6b568e106}.Debug|Any CPU.ActiveCfg = Debug|Any CPU
		{545cea8a-ac92-8bbc-240e-71b6b568e106}.Debug|Any CPU.Build.0 = Debug|Any CPU
		{495e7c6a-7498-4e72-4e4d-ef64041a79a5}.Debug|Any CPU.ActiveCfg = Debug|Any CPU
		{495e7c6a-7498-4e72-4e4d-ef64041a79a5}.Debug|Any CPU.Build.0 = Debug|Any CPU
		{f0497d15-e312-368f-cb1f-1adbf437f4d1}.Debug|Any CPU.ActiveCfg = Debug|Any CPU
		{f0497d15-e312-368f-cb1f-1adbf437f4d1}.Debug|Any CPU.Build.0 = Debug|Any CPU
		{d710194a-de3d-5020-d332-2760909f6682}.Debug|Any CPU.ActiveCfg = Debug|Any CPU
		{d710194a-de3d-5020-d332-2760909f6682}.Debug|Any CPU.Build.0 = Debug|Any CPU
		{97d998ef-30ce-364f-0b85-1c8d74073d96}.Debug|Any CPU.ActiveCfg = Debug|Any CPU
		{97d998ef-30ce-364f-0b85-1c8d74073d96}.Debug|Any CPU.Build.0 = Debug|Any CPU
		{0df483b6-b4f1-c1be-cfa0-712e348ea7ce}.Debug|Any CPU.ActiveCfg = Debug|Any CPU
		{0df483b6-b4f1-c1be-cfa0-712e348ea7ce}.Debug|Any CPU.Build.0 = Debug|Any CPU
		{7e90d904-6dd8-cf53-3c4f-c098f854c601}.Debug|Any CPU.ActiveCfg = Debug|Any CPU
		{7e90d904-6dd8-cf53-3c4f-c098f854c601}.Debug|Any CPU.Build.0 = Debug|Any CPU
		{799764b9-efb3-dadd-4206-35cc3d715922}.Debug|Any CPU.ActiveCfg = Debug|Any CPU
		{799764b9-efb3-dadd-4206-35cc3d715922}.Debug|Any CPU.Build.0 = Debug|Any CPU
		{8f7d7d79-5f6f-6d30-ec7a-b7262946ac15}.Debug|Any CPU.ActiveCfg = Debug|Any CPU
		{8f7d7d79-5f6f-6d30-ec7a-b7262946ac15}.Debug|Any CPU.Build.0 = Debug|Any CPU
		{9e1cfba2-f089-c9cb-7a9a-da9d1a72ebef}.Debug|Any CPU.ActiveCfg = Debug|Any CPU
		{9e1cfba2-f089-c9cb-7a9a-da9d1a72ebef}.Debug|Any CPU.Build.0 = Debug|Any CPU
		{a48477ed-58b4-7778-d328-4475bcaa66e2}.Debug|Any CPU.ActiveCfg = Debug|Any CPU
		{a48477ed-58b4-7778-d328-4475bcaa66e2}.Debug|Any CPU.Build.0 = Debug|Any CPU
		{55322515-157e-18a6-22cf-9742e3188921}.Debug|Any CPU.ActiveCfg = Debug|Any CPU
		{55322515-157e-18a6-22cf-9742e3188921}.Debug|Any CPU.Build.0 = Debug|Any CPU
		{6cdadf71-e894-6152-29ea-65d549e766a2}.Debug|Any CPU.ActiveCfg = Debug|Any CPU
		{6cdadf71-e894-6152-29ea-65d549e766a2}.Debug|Any CPU.Build.0 = Debug|Any CPU
		{1a099562-e6ee-d91c-4934-8aa707905b00}.Debug|Any CPU.ActiveCfg = Debug|Any CPU
		{1a099562-e6ee-d91c-4934-8aa707905b00}.Debug|Any CPU.Build.0 = Debug|Any CPU
		{7b733e76-9f86-0200-4d05-100938ba1eac}.Debug|Any CPU.ActiveCfg = Debug|Any CPU
		{7b733e76-9f86-0200-4d05-100938ba1eac}.Debug|Any CPU.Build.0 = Debug|Any CPU
		{169de3a0-a462-61d4-282a-393f6130d028}.Debug|Any CPU.ActiveCfg = Debug|Any CPU
		{169de3a0-a462-61d4-282a-393f6130d028}.Debug|Any CPU.Build.0 = Debug|Any CPU
		{a58486f0-e32d-da7b-757a-aa9b099b548b}.Debug|Any CPU.ActiveCfg = Debug|Any CPU
		{a58486f0-e32d-da7b-757a-aa9b099b548b}.Debug|Any CPU.Build.0 = Debug|Any CPU
		{1dcf2b1e-ddce-fdb7-a3af-bb84ee90c98e}.Debug|Any CPU.ActiveCfg = Debug|Any CPU
		{1dcf2b1e-ddce-fdb7-a3af-bb84ee90c98e}.Debug|Any CPU.Build.0 = Debug|Any CPU
	EndGlobalSection
	GlobalSection(SolutionProperties) = preSolution
		HideSolutionNode = FALSE
	EndGlobalSection
EndGlobal
